
Microsoft Visual Studio Solution File, Format Version 12.00
# Visual Studio Version 17
VisualStudioVersion = 17.0.31903.59
MinimumVisualStudioVersion = 10.0.40219.1
Project("{FAE04EC0-301F-11D3-BF4B-00C04F79EFBC}") = "AlarmsService", "AlarmsService\AlarmsService.csproj", "{3AC25653-110F-4003-B424-751DB2294EE3}"
EndProject
Project("{FAE04EC0-301F-11D3-BF4B-00C04F79EFBC}") = "Arduino", "..\..\Libraries\Arduino\Arduino\Arduino.csproj", "{C209742D-12B9-42D8-A192-FC40D4E45991}"
EndProject
Project("{FAE04EC0-301F-11D3-BF4B-00C04F79EFBC}") = "ChetchXMPP", "..\..\Libraries\ChetchXMPP\ChetchXMPP\ChetchXMPP.csproj", "{DA38A75C-862D-43C2-A901-D02AF9F007B0}"
EndProject
Project("{FAE04EC0-301F-11D3-BF4B-00C04F79EFBC}") = "Database", "..\..\Libraries\Database\Database\Database.csproj", "{05759635-A8B3-46E8-8E64-52D796F5A78D}"
EndProject
Project("{FAE04EC0-301F-11D3-BF4B-00C04F79EFBC}") = "Alarms", "..\..\Libraries\Alarms\Alarms\Alarms.csproj", "{3DB42BC4-763B-4878-91CE-BCBC0941CC18}"
EndProject
Project("{FAE04EC0-301F-11D3-BF4B-00C04F79EFBC}") = "Messaging", "..\..\Libraries\Messaging\Messaging\Messaging.csproj", "{FFAB4928-894A-444A-99CF-47EFE02F37D8}"
EndProject
Project("{FAE04EC0-301F-11D3-BF4B-00C04F79EFBC}") = "Utilities", "..\..\Libraries\Utilities\Utilities\Utilities.csproj", "{D3E0EC02-7402-45A6-AB01-02943D8A678C}"
EndProject
Global
	GlobalSection(SolutionConfigurationPlatforms) = preSolution
		Debug|Any CPU = Debug|Any CPU
		Release|Any CPU = Release|Any CPU
	EndGlobalSection
	GlobalSection(SolutionProperties) = preSolution
		HideSolutionNode = FALSE
	EndGlobalSection
	GlobalSection(ProjectConfigurationPlatforms) = postSolution
		{3AC25653-110F-4003-B424-751DB2294EE3}.Debug|Any CPU.ActiveCfg = Debug|Any CPU
		{3AC25653-110F-4003-B424-751DB2294EE3}.Debug|Any CPU.Build.0 = Debug|Any CPU
		{3AC25653-110F-4003-B424-751DB2294EE3}.Release|Any CPU.ActiveCfg = Release|Any CPU
		{3AC25653-110F-4003-B424-751DB2294EE3}.Release|Any CPU.Build.0 = Release|Any CPU
		{C209742D-12B9-42D8-A192-FC40D4E45991}.Debug|Any CPU.ActiveCfg = Debug|Any CPU
		{C209742D-12B9-42D8-A192-FC40D4E45991}.Debug|Any CPU.Build.0 = Debug|Any CPU
		{C209742D-12B9-42D8-A192-FC40D4E45991}.Release|Any CPU.ActiveCfg = Release|Any CPU
		{C209742D-12B9-42D8-A192-FC40D4E45991}.Release|Any CPU.Build.0 = Release|Any CPU
		{DA38A75C-862D-43C2-A901-D02AF9F007B0}.Debug|Any CPU.ActiveCfg = Debug|Any CPU
		{DA38A75C-862D-43C2-A901-D02AF9F007B0}.Debug|Any CPU.Build.0 = Debug|Any CPU
		{DA38A75C-862D-43C2-A901-D02AF9F007B0}.Release|Any CPU.ActiveCfg = Release|Any CPU
		{DA38A75C-862D-43C2-A901-D02AF9F007B0}.Release|Any CPU.Build.0 = Release|Any CPU
		{05759635-A8B3-46E8-8E64-52D796F5A78D}.Debug|Any CPU.ActiveCfg = Debug|Any CPU
		{05759635-A8B3-46E8-8E64-52D796F5A78D}.Debug|Any CPU.Build.0 = Debug|Any CPU
		{05759635-A8B3-46E8-8E64-52D796F5A78D}.Release|Any CPU.ActiveCfg = Release|Any CPU
		{05759635-A8B3-46E8-8E64-52D796F5A78D}.Release|Any CPU.Build.0 = Release|Any CPU
		{3DB42BC4-763B-4878-91CE-BCBC0941CC18}.Debug|Any CPU.ActiveCfg = Debug|Any CPU
		{3DB42BC4-763B-4878-91CE-BCBC0941CC18}.Debug|Any CPU.Build.0 = Debug|Any CPU
		{3DB42BC4-763B-4878-91CE-BCBC0941CC18}.Release|Any CPU.ActiveCfg = Release|Any CPU
		{3DB42BC4-763B-4878-91CE-BCBC0941CC18}.Release|Any CPU.Build.0 = Release|Any CPU
		{FFAB4928-894A-444A-99CF-47EFE02F37D8}.Debug|Any CPU.ActiveCfg = Debug|Any CPU
		{FFAB4928-894A-444A-99CF-47EFE02F37D8}.Debug|Any CPU.Build.0 = Debug|Any CPU
		{FFAB4928-894A-444A-99CF-47EFE02F37D8}.Release|Any CPU.ActiveCfg = Release|Any CPU
		{FFAB4928-894A-444A-99CF-47EFE02F37D8}.Release|Any CPU.Build.0 = Release|Any CPU
		{D3E0EC02-7402-45A6-AB01-02943D8A678C}.Debug|Any CPU.ActiveCfg = Debug|Any CPU
		{D3E0EC02-7402-45A6-AB01-02943D8A678C}.Debug|Any CPU.Build.0 = Debug|Any CPU
		{D3E0EC02-7402-45A6-AB01-02943D8A678C}.Release|Any CPU.ActiveCfg = Release|Any CPU
		{D3E0EC02-7402-45A6-AB01-02943D8A678C}.Release|Any CPU.Build.0 = Release|Any CPU
	EndGlobalSection
EndGlobal
